// !$*UTF8*$!
{
	archiveVersion = 1;
	classes = {
	};
	objectVersion = 50;
	objects = {

/* Begin PBXBuildFile section */
		D99ECE5122456AD9008470B6 /* AppDelegate.swift in Sources */ = {isa = PBXBuildFile; fileRef = D99ECE5022456AD9008470B6 /* AppDelegate.swift */; };
		D99ECE5622456AD9008470B6 /* Main.storyboard in Resources */ = {isa = PBXBuildFile; fileRef = D99ECE5422456AD9008470B6 /* Main.storyboard */; };
		D99ECE5822456ADA008470B6 /* Assets.xcassets in Resources */ = {isa = PBXBuildFile; fileRef = D99ECE5722456ADA008470B6 /* Assets.xcassets */; };
		D99ECE5B22456ADA008470B6 /* LaunchScreen.storyboard in Resources */ = {isa = PBXBuildFile; fileRef = D99ECE5922456ADA008470B6 /* LaunchScreen.storyboard */; };
		D99ECE6622456ADB008470B6 /* ToDoListikTests.swift in Sources */ = {isa = PBXBuildFile; fileRef = D99ECE6522456ADB008470B6 /* ToDoListikTests.swift */; };
		D99ECE7122456ADB008470B6 /* ToDoListikUITests.swift in Sources */ = {isa = PBXBuildFile; fileRef = D99ECE7022456ADB008470B6 /* ToDoListikUITests.swift */; };
		D9E8CE3A22457C670009A18F /* ToDoListTableViewController.swift in Sources */ = {isa = PBXBuildFile; fileRef = D9E8CE3922457C670009A18F /* ToDoListTableViewController.swift */; };
		D9E8CE3C224580010009A18F /* note.swift in Sources */ = {isa = PBXBuildFile; fileRef = D9E8CE3B224580010009A18F /* note.swift */; };
/* End PBXBuildFile section */

/* Begin PBXContainerItemProxy section */
		D99ECE6222456ADA008470B6 /* PBXContainerItemProxy */ = {
			isa = PBXContainerItemProxy;
			containerPortal = D99ECE4522456AD9008470B6 /* Project object */;
			proxyType = 1;
			remoteGlobalIDString = D99ECE4C22456AD9008470B6;
			remoteInfo = ToDoListik;
		};
		D99ECE6D22456ADB008470B6 /* PBXContainerItemProxy */ = {
			isa = PBXContainerItemProxy;
			containerPortal = D99ECE4522456AD9008470B6 /* Project object */;
			proxyType = 1;
			remoteGlobalIDString = D99ECE4C22456AD9008470B6;
			remoteInfo = ToDoListik;
		};
/* End PBXContainerItemProxy section */

/* Begin PBXFileReference section */
		D99ECE4D22456AD9008470B6 /* ToDoListik.app */ = {isa = PBXFileReference; explicitFileType = wrapper.application; includeInIndex = 0; path = ToDoListik.app; sourceTree = BUILT_PRODUCTS_DIR; };
		D99ECE5022456AD9008470B6 /* AppDelegate.swift */ = {isa = PBXFileReference; lastKnownFileType = sourcecode.swift; path = AppDelegate.swift; sourceTree = "<group>"; };
		D99ECE5522456AD9008470B6 /* Base */ = {isa = PBXFileReference; lastKnownFileType = file.storyboard; name = Base; path = Base.lproj/Main.storyboard; sourceTree = "<group>"; };
		D99ECE5722456ADA008470B6 /* Assets.xcassets */ = {isa = PBXFileReference; lastKnownFileType = folder.assetcatalog; path = Assets.xcassets; sourceTree = "<group>"; };
		D99ECE5A22456ADA008470B6 /* Base */ = {isa = PBXFileReference; lastKnownFileType = file.storyboard; name = Base; path = Base.lproj/LaunchScreen.storyboard; sourceTree = "<group>"; };
		D99ECE5C22456ADA008470B6 /* Info.plist */ = {isa = PBXFileReference; lastKnownFileType = text.plist.xml; path = Info.plist; sourceTree = "<group>"; };
		D99ECE6122456ADA008470B6 /* ToDoListikTests.xctest */ = {isa = PBXFileReference; explicitFileType = wrapper.cfbundle; includeInIndex = 0; path = ToDoListikTests.xctest; sourceTree = BUILT_PRODUCTS_DIR; };
		D99ECE6522456ADB008470B6 /* ToDoListikTests.swift */ = {isa = PBXFileReference; lastKnownFileType = sourcecode.swift; path = ToDoListikTests.swift; sourceTree = "<group>"; };
		D99ECE6722456ADB008470B6 /* Info.plist */ = {isa = PBXFileReference; lastKnownFileType = text.plist.xml; path = Info.plist; sourceTree = "<group>"; };
		D99ECE6C22456ADB008470B6 /* ToDoListikUITests.xctest */ = {isa = PBXFileReference; explicitFileType = wrapper.cfbundle; includeInIndex = 0; path = ToDoListikUITests.xctest; sourceTree = BUILT_PRODUCTS_DIR; };
		D99ECE7022456ADB008470B6 /* ToDoListikUITests.swift */ = {isa = PBXFileReference; lastKnownFileType = sourcecode.swift; path = ToDoListikUITests.swift; sourceTree = "<group>"; };
		D99ECE7222456ADB008470B6 /* Info.plist */ = {isa = PBXFileReference; lastKnownFileType = text.plist.xml; path = Info.plist; sourceTree = "<group>"; };
		D9E8CE3922457C670009A18F /* ToDoListTableViewController.swift */ = {isa = PBXFileReference; lastKnownFileType = sourcecode.swift; path = ToDoListTableViewController.swift; sourceTree = "<group>"; };
		D9E8CE3B224580010009A18F /* note.swift */ = {isa = PBXFileReference; lastKnownFileType = sourcecode.swift; path = note.swift; sourceTree = "<group>"; };
/* End PBXFileReference section */

/* Begin PBXFrameworksBuildPhase section */
		D99ECE4A22456AD9008470B6 /* Frameworks */ = {
			isa = PBXFrameworksBuildPhase;
			buildActionMask = 2147483647;
			files = (
			);
			runOnlyForDeploymentPostprocessing = 0;
		};
		D99ECE5E22456ADA008470B6 /* Frameworks */ = {
			isa = PBXFrameworksBuildPhase;
			buildActionMask = 2147483647;
			files = (
			);
			runOnlyForDeploymentPostprocessing = 0;
		};
		D99ECE6922456ADB008470B6 /* Frameworks */ = {
			isa = PBXFrameworksBuildPhase;
			buildActionMask = 2147483647;
			files = (
			);
			runOnlyForDeploymentPostprocessing = 0;
		};
/* End PBXFrameworksBuildPhase section */

/* Begin PBXGroup section */
		D99ECE4422456AD9008470B6 = {
			isa = PBXGroup;
			children = (
				D99ECE4F22456AD9008470B6 /* ToDoListik */,
				D99ECE6422456ADA008470B6 /* ToDoListikTests */,
				D99ECE6F22456ADB008470B6 /* ToDoListikUITests */,
				D99ECE4E22456AD9008470B6 /* Products */,
			);
			sourceTree = "<group>";
		};
		D99ECE4E22456AD9008470B6 /* Products */ = {
			isa = PBXGroup;
			children = (
				D99ECE4D22456AD9008470B6 /* ToDoListik.app */,
				D99ECE6122456ADA008470B6 /* ToDoListikTests.xctest */,
				D99ECE6C22456ADB008470B6 /* ToDoListikUITests.xctest */,
			);
			name = Products;
			sourceTree = "<group>";
		};
		D99ECE4F22456AD9008470B6 /* ToDoListik */ = {
			isa = PBXGroup;
			children = (
				D9E8CE3D224580070009A18F /* Model */,
				D99ECE5022456AD9008470B6 /* AppDelegate.swift */,
				D99ECE5422456AD9008470B6 /* Main.storyboard */,
				D99ECE5722456ADA008470B6 /* Assets.xcassets */,
				D99ECE5922456ADA008470B6 /* LaunchScreen.storyboard */,
				D99ECE5C22456ADA008470B6 /* Info.plist */,
				D9E8CE3922457C670009A18F /* ToDoListTableViewController.swift */,
			);
			path = ToDoListik;
			sourceTree = "<group>";
		};
		D99ECE6422456ADA008470B6 /* ToDoListikTests */ = {
			isa = PBXGroup;
			children = (
				D99ECE6522456ADB008470B6 /* ToDoListikTests.swift */,
				D99ECE6722456ADB008470B6 /* Info.plist */,
			);
			path = ToDoListikTests;
			sourceTree = "<group>";
		};
		D99ECE6F22456ADB008470B6 /* ToDoListikUITests */ = {
			isa = PBXGroup;
			children = (
				D99ECE7022456ADB008470B6 /* ToDoListikUITests.swift */,
				D99ECE7222456ADB008470B6 /* Info.plist */,
			);
			path = ToDoListikUITests;
			sourceTree = "<group>";
		};
		D9E8CE3D224580070009A18F /* Model */ = {
			isa = PBXGroup;
			children = (
				D9E8CE3B224580010009A18F /* note.swift */,
			);
			path = Model;
			sourceTree = "<group>";
		};
/* End PBXGroup section */

/* Begin PBXNativeTarget section */
		D99ECE4C22456AD9008470B6 /* ToDoListik */ = {
			isa = PBXNativeTarget;
			buildConfigurationList = D99ECE7522456ADB008470B6 /* Build configuration list for PBXNativeTarget "ToDoListik" */;
			buildPhases = (
				D99ECE4922456AD9008470B6 /* Sources */,
				D99ECE4A22456AD9008470B6 /* Frameworks */,
				D99ECE4B22456AD9008470B6 /* Resources */,
			);
			buildRules = (
			);
			dependencies = (
			);
			name = ToDoListik;
			productName = ToDoListik;
			productReference = D99ECE4D22456AD9008470B6 /* ToDoListik.app */;
			productType = "com.apple.product-type.application";
		};
		D99ECE6022456ADA008470B6 /* ToDoListikTests */ = {
			isa = PBXNativeTarget;
			buildConfigurationList = D99ECE7822456ADB008470B6 /* Build configuration list for PBXNativeTarget "ToDoListikTests" */;
			buildPhases = (
				D99ECE5D22456ADA008470B6 /* Sources */,
				D99ECE5E22456ADA008470B6 /* Frameworks */,
				D99ECE5F22456ADA008470B6 /* Resources */,
			);
			buildRules = (
			);
			dependencies = (
				D99ECE6322456ADA008470B6 /* PBXTargetDependency */,
			);
			name = ToDoListikTests;
			productName = ToDoListikTests;
			productReference = D99ECE6122456ADA008470B6 /* ToDoListikTests.xctest */;
			productType = "com.apple.product-type.bundle.unit-test";
		};
		D99ECE6B22456ADB008470B6 /* ToDoListikUITests */ = {
			isa = PBXNativeTarget;
			buildConfigurationList = D99ECE7B22456ADB008470B6 /* Build configuration list for PBXNativeTarget "ToDoListikUITests" */;
			buildPhases = (
				D99ECE6822456ADB008470B6 /* Sources */,
				D99ECE6922456ADB008470B6 /* Frameworks */,
				D99ECE6A22456ADB008470B6 /* Resources */,
			);
			buildRules = (
			);
			dependencies = (
				D99ECE6E22456ADB008470B6 /* PBXTargetDependency */,
			);
			name = ToDoListikUITests;
			productName = ToDoListikUITests;
			productReference = D99ECE6C22456ADB008470B6 /* ToDoListikUITests.xctest */;
			productType = "com.apple.product-type.bundle.ui-testing";
		};
/* End PBXNativeTarget section */

/* Begin PBXProject section */
		D99ECE4522456AD9008470B6 /* Project object */ = {
			isa = PBXProject;
			attributes = {
				LastSwiftUpdateCheck = 1010;
				LastUpgradeCheck = 1010;
				ORGANIZATIONNAME = "Андрей Тихонов";
				TargetAttributes = {
					D99ECE4C22456AD9008470B6 = {
						CreatedOnToolsVersion = 10.1;
					};
					D99ECE6022456ADA008470B6 = {
						CreatedOnToolsVersion = 10.1;
						TestTargetID = D99ECE4C22456AD9008470B6;
					};
					D99ECE6B22456ADB008470B6 = {
						CreatedOnToolsVersion = 10.1;
						TestTargetID = D99ECE4C22456AD9008470B6;
					};
				};
			};
			buildConfigurationList = D99ECE4822456AD9008470B6 /* Build configuration list for PBXProject "ToDoListik" */;
			compatibilityVersion = "Xcode 9.3";
			developmentRegion = en;
			hasScannedForEncodings = 0;
			knownRegions = (
				en,
				Base,
			);
			mainGroup = D99ECE4422456AD9008470B6;
			productRefGroup = D99ECE4E22456AD9008470B6 /* Products */;
			projectDirPath = "";
			projectRoot = "";
			targets = (
				D99ECE4C22456AD9008470B6 /* ToDoListik */,
				D99ECE6022456ADA008470B6 /* ToDoListikTests */,
				D99ECE6B22456ADB008470B6 /* ToDoListikUITests */,
			);
		};
/* End PBXProject section */

/* Begin PBXResourcesBuildPhase section */
		D99ECE4B22456AD9008470B6 /* Resources */ = {
			isa = PBXResourcesBuildPhase;
			buildActionMask = 2147483647;
			files = (
				D99ECE5B22456ADA008470B6 /* LaunchScreen.storyboard in Resources */,
				D99ECE5822456ADA008470B6 /* Assets.xcassets in Resources */,
				D99ECE5622456AD9008470B6 /* Main.storyboard in Resources */,
			);
			runOnlyForDeploymentPostprocessing = 0;
		};
		D99ECE5F22456ADA008470B6 /* Resources */ = {
			isa = PBXResourcesBuildPhase;
			buildActionMask = 2147483647;
			files = (
			);
			runOnlyForDeploymentPostprocessing = 0;
		};
		D99ECE6A22456ADB008470B6 /* Resources */ = {
			isa = PBXResourcesBuildPhase;
			buildActionMask = 2147483647;
			files = (
			);
			runOnlyForDeploymentPostprocessing = 0;
		};
/* End PBXResourcesBuildPhase section */

/* Begin PBXSourcesBuildPhase section */
		D99ECE4922456AD9008470B6 /* Sources */ = {
			isa = PBXSourcesBuildPhase;
			buildActionMask = 2147483647;
			files = (
				D99ECE5122456AD9008470B6 /* AppDelegate.swift in Sources */,
				D9E8CE3C224580010009A18F /* note.swift in Sources */,
				D9E8CE3A22457C670009A18F /* ToDoListTableViewController.swift in Sources */,
			);
			runOnlyForDeploymentPostprocessing = 0;
		};
		D99ECE5D22456ADA008470B6 /* Sources */ = {
			isa = PBXSourcesBuildPhase;
			buildActionMask = 2147483647;
			files = (
				D99ECE6622456ADB008470B6 /* ToDoListikTests.swift in Sources */,
			);
			runOnlyForDeploymentPostprocessing = 0;
		};
		D99ECE6822456ADB008470B6 /* Sources */ = {
			isa = PBXSourcesBuildPhase;
			buildActionMask = 2147483647;
			files = (
				D99ECE7122456ADB008470B6 /* ToDoListikUITests.swift in Sources */,
			);
			runOnlyForDeploymentPostprocessing = 0;
		};
/* End PBXSourcesBuildPhase section */

/* Begin PBXTargetDependency section */
		D99ECE6322456ADA008470B6 /* PBXTargetDependency */ = {
			isa = PBXTargetDependency;
			target = D99ECE4C22456AD9008470B6 /* ToDoListik */;
			targetProxy = D99ECE6222456ADA008470B6 /* PBXContainerItemProxy */;
		};
		D99ECE6E22456ADB008470B6 /* PBXTargetDependency */ = {
			isa = PBXTargetDependency;
			target = D99ECE4C22456AD9008470B6 /* ToDoListik */;
			targetProxy = D99ECE6D22456ADB008470B6 /* PBXContainerItemProxy */;
		};
/* End PBXTargetDependency section */

/* Begin PBXVariantGroup section */
		D99ECE5422456AD9008470B6 /* Main.storyboard */ = {
			isa = PBXVariantGroup;
			children = (
				D99ECE5522456AD9008470B6 /* Base */,
			);
			name = Main.storyboard;
			sourceTree = "<group>";
		};
		D99ECE5922456ADA008470B6 /* LaunchScreen.storyboard */ = {
			isa = PBXVariantGroup;
			children = (
				D99ECE5A22456ADA008470B6 /* Base */,
			);
			name = LaunchScreen.storyboard;
			sourceTree = "<group>";
		};
/* End PBXVariantGroup section */

/* Begin XCBuildConfiguration section */
		D99ECE7322456ADB008470B6 /* Debug */ = {
			isa = XCBuildConfiguration;
			buildSettings = {
				ALWAYS_SEARCH_USER_PATHS = NO;
				CLANG_ANALYZER_NONNULL = YES;
				CLANG_ANALYZER_NUMBER_OBJECT_CONVERSION = YES_AGGRESSIVE;
				CLANG_CXX_LANGUAGE_STANDARD = "gnu++14";
				CLANG_CXX_LIBRARY = "libc++";
				CLANG_ENABLE_MODULES = YES;
				CLANG_ENABLE_OBJC_ARC = YES;
				CLANG_ENABLE_OBJC_WEAK = YES;
				CLANG_WARN_BLOCK_CAPTURE_AUTORELEASING = YES;
				CLANG_WARN_BOOL_CONVERSION = YES;
				CLANG_WARN_COMMA = YES;
				CLANG_WARN_CONSTANT_CONVERSION = YES;
				CLANG_WARN_DEPRECATED_OBJC_IMPLEMENTATIONS = YES;
				CLANG_WARN_DIRECT_OBJC_ISA_USAGE = YES_ERROR;
				CLANG_WARN_DOCUMENTATION_COMMENTS = YES;
				CLANG_WARN_EMPTY_BODY = YES;
				CLANG_WARN_ENUM_CONVERSION = YES;
				CLANG_WARN_INFINITE_RECURSION = YES;
				CLANG_WARN_INT_CONVERSION = YES;
				CLANG_WARN_NON_LITERAL_NULL_CONVERSION = YES;
				CLANG_WARN_OBJC_IMPLICIT_RETAIN_SELF = YES;
				CLANG_WARN_OBJC_LITERAL_CONVERSION = YES;
				CLANG_WARN_OBJC_ROOT_CLASS = YES_ERROR;
				CLANG_WARN_RANGE_LOOP_ANALYSIS = YES;
				CLANG_WARN_STRICT_PROTOTYPES = YES;
				CLANG_WARN_SUSPICIOUS_MOVE = YES;
				CLANG_WARN_UNGUARDED_AVAILABILITY = YES_AGGRESSIVE;
				CLANG_WARN_UNREACHABLE_CODE = YES;
				CLANG_WARN__DUPLICATE_METHOD_MATCH = YES;
				CODE_SIGN_IDENTITY = "iPhone Developer";
				COPY_PHASE_STRIP = NO;
				DEBUG_INFORMATION_FORMAT = dwarf;
				ENABLE_STRICT_OBJC_MSGSEND = YES;
				ENABLE_TESTABILITY = YES;
				GCC_C_LANGUAGE_STANDARD = gnu11;
				GCC_DYNAMIC_NO_PIC = NO;
				GCC_NO_COMMON_BLOCKS = YES;
				GCC_OPTIMIZATION_LEVEL = 0;
				GCC_PREPROCESSOR_DEFINITIONS = (
					"DEBUG=1",
					"$(inherited)",
				);
				GCC_WARN_64_TO_32_BIT_CONVERSION = YES;
				GCC_WARN_ABOUT_RETURN_TYPE = YES_ERROR;
				GCC_WARN_UNDECLARED_SELECTOR = YES;
				GCC_WARN_UNINITIALIZED_AUTOS = YES_AGGRESSIVE;
				GCC_WARN_UNUSED_FUNCTION = YES;
				GCC_WARN_UNUSED_VARIABLE = YES;
				IPHONEOS_DEPLOYMENT_TARGET = 12.1;
				MTL_ENABLE_DEBUG_INFO = INCLUDE_SOURCE;
				MTL_FAST_MATH = YES;
				ONLY_ACTIVE_ARCH = YES;
				SDKROOT = iphoneos;
				SWIFT_ACTIVE_COMPILATION_CONDITIONS = DEBUG;
				SWIFT_OPTIMIZATION_LEVEL = "-Onone";
			};
			name = Debug;
		};
		D99ECE7422456ADB008470B6 /* Release */ = {
			isa = XCBuildConfiguration;
			buildSettings = {
				ALWAYS_SEARCH_USER_PATHS = NO;
				CLANG_ANALYZER_NONNULL = YES;
				CLANG_ANALYZER_NUMBER_OBJECT_CONVERSION = YES_AGGRESSIVE;
				CLANG_CXX_LANGUAGE_STANDARD = "gnu++14";
				CLANG_CXX_LIBRARY = "libc++";
				CLANG_ENABLE_MODULES = YES;
				CLANG_ENABLE_OBJC_ARC = YES;
				CLANG_ENABLE_OBJC_WEAK = YES;
				CLANG_WARN_BLOCK_CAPTURE_AUTORELEASING = YES;
				CLANG_WARN_BOOL_CONVERSION = YES;
				CLANG_WARN_COMMA = YES;
				CLANG_WARN_CONSTANT_CONVERSION = YES;
				CLANG_WARN_DEPRECATED_OBJC_IMPLEMENTATIONS = YES;
				CLANG_WARN_DIRECT_OBJC_ISA_USAGE = YES_ERROR;
				CLANG_WARN_DOCUMENTATION_COMMENTS = YES;
				CLANG_WARN_EMPTY_BODY = YES;
				CLANG_WARN_ENUM_CONVERSION = YES;
				CLANG_WARN_INFINITE_RECURSION = YES;
				CLANG_WARN_INT_CONVERSION = YES;
				CLANG_WARN_NON_LITERAL_NULL_CONVERSION = YES;
				CLANG_WARN_OBJC_IMPLICIT_RETAIN_SELF = YES;
				CLANG_WARN_OBJC_LITERAL_CONVERSION = YES;
				CLANG_WARN_OBJC_ROOT_CLASS = YES_ERROR;
				CLANG_WARN_RANGE_LOOP_ANALYSIS = YES;
				CLANG_WARN_STRICT_PROTOTYPES = YES;
				CLANG_WARN_SUSPICIOUS_MOVE = YES;
				CLANG_WARN_UNGUARDED_AVAILABILITY = YES_AGGRESSIVE;
				CLANG_WARN_UNREACHABLE_CODE = YES;
				CLANG_WARN__DUPLICATE_METHOD_MATCH = YES;
				CODE_SIGN_IDENTITY = "iPhone Developer";
				COPY_PHASE_STRIP = NO;
				DEBUG_INFORMATION_FORMAT = "dwarf-with-dsym";
				ENABLE_NS_ASSERTIONS = NO;
				ENABLE_STRICT_OBJC_MSGSEND = YES;
				GCC_C_LANGUAGE_STANDARD = gnu11;
				GCC_NO_COMMON_BLOCKS = YES;
				GCC_WARN_64_TO_32_BIT_CONVERSION = YES;
				GCC_WARN_ABOUT_RETURN_TYPE = YES_ERROR;
				GCC_WARN_UNDECLARED_SELECTOR = YES;
				GCC_WARN_UNINITIALIZED_AUTOS = YES_AGGRESSIVE;
				GCC_WARN_UNUSED_FUNCTION = YES;
				GCC_WARN_UNUSED_VARIABLE = YES;
				IPHONEOS_DEPLOYMENT_TARGET = 12.1;
				MTL_ENABLE_DEBUG_INFO = NO;
				MTL_FAST_MATH = YES;
				SDKROOT = iphoneos;
				SWIFT_COMPILATION_MODE = wholemodule;
				SWIFT_OPTIMIZATION_LEVEL = "-O";
				VALIDATE_PRODUCT = YES;
			};
			name = Release;
		};
		D99ECE7622456ADB008470B6 /* Debug */ = {
			isa = XCBuildConfiguration;
			buildSettings = {
				ASSETCATALOG_COMPILER_APPICON_NAME = AppIcon;
				CODE_SIGN_STYLE = Automatic;
				DEVELOPMENT_TEAM = JMRB5NH85H;
				INFOPLIST_FILE = ToDoListik/Info.plist;
				LD_RUNPATH_SEARCH_PATHS = (
					"$(inherited)",
					"@executable_path/Frameworks",
				);
				PRODUCT_BUNDLE_IDENTIFIER = pixeltron.org.ToDoListik;
				PRODUCT_NAME = "$(TARGET_NAME)";
				SWIFT_VERSION = 4.2;
				TARGETED_DEVICE_FAMILY = "1,2";
			};
			name = Debug;
		};
		D99ECE7722456ADB008470B6 /* Release */ = {
			isa = XCBuildConfiguration;
			buildSettings = {
				ASSETCATALOG_COMPILER_APPICON_NAME = AppIcon;
				CODE_SIGN_STYLE = Automatic;
				DEVELOPMENT_TEAM = JMRB5NH85H;
				INFOPLIST_FILE = ToDoListik/Info.plist;
				LD_RUNPATH_SEARCH_PATHS = (
					"$(inherited)",
					"@executable_path/Frameworks",
				);
				PRODUCT_BUNDLE_IDENTIFIER = pixeltron.org.ToDoListik;
				PRODUCT_NAME = "$(TARGET_NAME)";
				SWIFT_VERSION = 4.2;
				TARGETED_DEVICE_FAMILY = "1,2";
			};
			name = Release;
		};
		D99ECE7922456ADB008470B6 /* Debug */ = {
			isa = XCBuildConfiguration;
			buildSettings = {
				ALWAYS_EMBED_SWIFT_STANDARD_LIBRARIES = YES;
				BUNDLE_LOADER = "$(TEST_HOST)";
				CODE_SIGN_STYLE = Automatic;
				DEVELOPMENT_TEAM = JMRB5NH85H;
				INFOPLIST_FILE = ToDoListikTests/Info.plist;
				LD_RUNPATH_SEARCH_PATHS = (
					"$(inherited)",
					"@executable_path/Frameworks",
					"@loader_path/Frameworks",
				);
				PRODUCT_BUNDLE_IDENTIFIER = pixeltron.org.ToDoListikTests;
				PRODUCT_NAME = "$(TARGET_NAME)";
				SWIFT_VERSION = 4.2;
				TARGETED_DEVICE_FAMILY = "1,2";
				TEST_HOST = "$(BUILT_PRODUCTS_DIR)/ToDoListik.app/ToDoListik";
			};
			name = Debug;
		};
		D99ECE7A22456ADB008470B6 /* Release */ = {
			isa = XCBuildConfiguration;
			buildSettings = {
				ALWAYS_EMBED_SWIFT_STANDARD_LIBRARIES = YES;
				BUNDLE_LOADER = "$(TEST_HOST)";
				CODE_SIGN_STYLE = Automatic;
				DEVELOPMENT_TEAM = JMRB5NH85H;
				INFOPLIST_FILE = ToDoListikTests/Info.plist;
				LD_RUNPATH_SEARCH_PATHS = (
					"$(inherited)",
					"@executable_path/Frameworks",
					"@loader_path/Frameworks",
				);
				PRODUCT_BUNDLE_IDENTIFIER = pixeltron.org.ToDoListikTests;
				PRODUCT_NAME = "$(TARGET_NAME)";
				SWIFT_VERSION = 4.2;
				TARGETED_DEVICE_FAMILY = "1,2";
				TEST_HOST = "$(BUILT_PRODUCTS_DIR)/ToDoListik.app/ToDoListik";
			};
			name = Release;
		};
		D99ECE7C22456ADB008470B6 /* Debug */ = {
			isa = XCBuildConfiguration;
			buildSettings = {
				ALWAYS_EMBED_SWIFT_STANDARD_LIBRARIES = YES;
				CODE_SIGN_STYLE = Automatic;
				DEVELOPMENT_TEAM = JMRB5NH85H;
				INFOPLIST_FILE = ToDoListikUITests/Info.plist;
				LD_RUNPATH_SEARCH_PATHS = (
					"$(inherited)",
					"@executable_path/Frameworks",
					"@loader_path/Frameworks",
				);
				PRODUCT_BUNDLE_IDENTIFIER = pixeltron.org.ToDoListikUITests;
				PRODUCT_NAME = "$(TARGET_NAME)";
				SWIFT_VERSION = 4.2;
				TARGETED_DEVICE_FAMILY = "1,2";
				TEST_TARGET_NAME = ToDoListik;
			};
			name = Debug;
		};
		D99ECE7D22456ADB008470B6 /* Release */ = {
			isa = XCBuildConfiguration;
			buildSettings = {
				ALWAYS_EMBED_SWIFT_STANDARD_LIBRARIES = YES;
				CODE_SIGN_STYLE = Automatic;
				DEVELOPMENT_TEAM = JMRB5NH85H;
				INFOPLIST_FILE = ToDoListikUITests/Info.plist;
				LD_RUNPATH_SEARCH_PATHS = (
					"$(inherited)",
					"@executable_path/Frameworks",
					"@loader_path/Frameworks",
				);
				PRODUCT_BUNDLE_IDENTIFIER = pixeltron.org.ToDoListikUITests;
				PRODUCT_NAME = "$(TARGET_NAME)";
				SWIFT_VERSION = 4.2;
				TARGETED_DEVICE_FAMILY = "1,2";
				TEST_TARGET_NAME = ToDoListik;
			};
			name = Release;
		};
/* End XCBuildConfiguration section */

/* Begin XCConfigurationList section */
		D99ECE4822456AD9008470B6 /* Build configuration list for PBXProject "ToDoListik" */ = {
			isa = XCConfigurationList;
			buildConfigurations = (
				D99ECE7322456ADB008470B6 /* Debug */,
				D99ECE7422456ADB008470B6 /* Release */,
			);
			defaultConfigurationIsVisible = 0;
			defaultConfigurationName = Release;
		};
		D99ECE7522456ADB008470B6 /* Build configuration list for PBXNativeTarget "ToDoListik" */ = {
			isa = XCConfigurationList;
			buildConfigurations = (
				D99ECE7622456ADB008470B6 /* Debug */,
				D99ECE7722456ADB008470B6 /* Release */,
			);
			defaultConfigurationIsVisible = 0;
			defaultConfigurationName = Release;
		};
		D99ECE7822456ADB008470B6 /* Build configuration list for PBXNativeTarget "ToDoListikTests" */ = {
			isa = XCConfigurationList;
			buildConfigurations = (
				D99ECE7922456ADB008470B6 /* Debug */,
				D99ECE7A22456ADB008470B6 /* Release */,
			);
			defaultConfigurationIsVisible = 0;
			defaultConfigurationName = Release;
		};
		D99ECE7B22456ADB008470B6 /* Build configuration list for PBXNativeTarget "ToDoListikUITests" */ = {
			isa = XCConfigurationList;
			buildConfigurations = (
				D99ECE7C22456ADB008470B6 /* Debug */,
				D99ECE7D22456ADB008470B6 /* Release */,
			);
			defaultConfigurationIsVisible = 0;
			defaultConfigurationName = Release;
		};
/* End XCConfigurationList section */
	};
	rootObject = D99ECE4522456AD9008470B6 /* Project object */;
}
